// !$*UTF8*$!
{
	archiveVersion = 1;
	classes = {
	};
	objectVersion = 48;
	objects = {

/* Begin PBXBuildFile section */
		83046BB71FC55D16006F3327 /* AppDelegate.m in Sources */ = {isa = PBXBuildFile; fileRef = 83046BB61FC55D16006F3327 /* AppDelegate.m */; };
		83046BBA1FC55D16006F3327 /* ViewController.m in Sources */ = {isa = PBXBuildFile; fileRef = 83046BB91FC55D16006F3327 /* ViewController.m */; };
		83046BBD1FC55D16006F3327 /* Main.storyboard in Resources */ = {isa = PBXBuildFile; fileRef = 83046BBB1FC55D16006F3327 /* Main.storyboard */; };
		83046BBF1FC55D16006F3327 /* Assets.xcassets in Resources */ = {isa = PBXBuildFile; fileRef = 83046BBE1FC55D16006F3327 /* Assets.xcassets */; };
		83046BC21FC55D16006F3327 /* LaunchScreen.storyboard in Resources */ = {isa = PBXBuildFile; fileRef = 83046BC01FC55D16006F3327 /* LaunchScreen.storyboard */; };
		83046BC51FC55D16006F3327 /* main.m in Sources */ = {isa = PBXBuildFile; fileRef = 83046BC41FC55D16006F3327 /* main.m */; };
		83046BCF1FC55D16006F3327 /* TwitterShareTests.m in Sources */ = {isa = PBXBuildFile; fileRef = 83046BCE1FC55D16006F3327 /* TwitterShareTests.m */; };
		83046BDA1FC55D16006F3327 /* TwitterShareUITests.m in Sources */ = {isa = PBXBuildFile; fileRef = 83046BD91FC55D16006F3327 /* TwitterShareUITests.m */; };
/* End PBXBuildFile section */

/* Begin PBXContainerItemProxy section */
		83046BCB1FC55D16006F3327 /* PBXContainerItemProxy */ = {
			isa = PBXContainerItemProxy;
			containerPortal = 83046BAA1FC55D16006F3327 /* Project object */;
			proxyType = 1;
			remoteGlobalIDString = 83046BB11FC55D16006F3327;
			remoteInfo = TwitterShare;
		};
		83046BD61FC55D16006F3327 /* PBXContainerItemProxy */ = {
			isa = PBXContainerItemProxy;
			containerPortal = 83046BAA1FC55D16006F3327 /* Project object */;
			proxyType = 1;
			remoteGlobalIDString = 83046BB11FC55D16006F3327;
			remoteInfo = TwitterShare;
		};
/* End PBXContainerItemProxy section */

/* Begin PBXFileReference section */
		83046BB21FC55D16006F3327 /* TwitterShare.app */ = {isa = PBXFileReference; explicitFileType = wrapper.application; includeInIndex = 0; path = TwitterShare.app; sourceTree = BUILT_PRODUCTS_DIR; };
		83046BB51FC55D16006F3327 /* AppDelegate.h */ = {isa = PBXFileReference; lastKnownFileType = sourcecode.c.h; path = AppDelegate.h; sourceTree = "<group>"; };
		83046BB61FC55D16006F3327 /* AppDelegate.m */ = {isa = PBXFileReference; lastKnownFileType = sourcecode.c.objc; path = AppDelegate.m; sourceTree = "<group>"; };
		83046BB81FC55D16006F3327 /* ViewController.h */ = {isa = PBXFileReference; lastKnownFileType = sourcecode.c.h; path = ViewController.h; sourceTree = "<group>"; };
		83046BB91FC55D16006F3327 /* ViewController.m */ = {isa = PBXFileReference; lastKnownFileType = sourcecode.c.objc; path = ViewController.m; sourceTree = "<group>"; };
		83046BBC1FC55D16006F3327 /* Base */ = {isa = PBXFileReference; lastKnownFileType = file.storyboard; name = Base; path = Base.lproj/Main.storyboard; sourceTree = "<group>"; };
		83046BBE1FC55D16006F3327 /* Assets.xcassets */ = {isa = PBXFileReference; lastKnownFileType = folder.assetcatalog; path = Assets.xcassets; sourceTree = "<group>"; };
		83046BC11FC55D16006F3327 /* Base */ = {isa = PBXFileReference; lastKnownFileType = file.storyboard; name = Base; path = Base.lproj/LaunchScreen.storyboard; sourceTree = "<group>"; };
		83046BC31FC55D16006F3327 /* Info.plist */ = {isa = PBXFileReference; lastKnownFileType = text.plist.xml; path = Info.plist; sourceTree = "<group>"; };
		83046BC41FC55D16006F3327 /* main.m */ = {isa = PBXFileReference; lastKnownFileType = sourcecode.c.objc; path = main.m; sourceTree = "<group>"; };
		83046BCA1FC55D16006F3327 /* TwitterShareTests.xctest */ = {isa = PBXFileReference; explicitFileType = wrapper.cfbundle; includeInIndex = 0; path = TwitterShareTests.xctest; sourceTree = BUILT_PRODUCTS_DIR; };
		83046BCE1FC55D16006F3327 /* TwitterShareTests.m */ = {isa = PBXFileReference; lastKnownFileType = sourcecode.c.objc; path = TwitterShareTests.m; sourceTree = "<group>"; };
		83046BD01FC55D16006F3327 /* Info.plist */ = {isa = PBXFileReference; lastKnownFileType = text.plist.xml; path = Info.plist; sourceTree = "<group>"; };
		83046BD51FC55D16006F3327 /* TwitterShareUITests.xctest */ = {isa = PBXFileReference; explicitFileType = wrapper.cfbundle; includeInIndex = 0; path = TwitterShareUITests.xctest; sourceTree = BUILT_PRODUCTS_DIR; };
		83046BD91FC55D16006F3327 /* TwitterShareUITests.m */ = {isa = PBXFileReference; lastKnownFileType = sourcecode.c.objc; path = TwitterShareUITests.m; sourceTree = "<group>"; };
		83046BDB1FC55D16006F3327 /* Info.plist */ = {isa = PBXFileReference; lastKnownFileType = text.plist.xml; path = Info.plist; sourceTree = "<group>"; };
		83046BE81FC573AB006F3327 /* Social.framework */ = {isa = PBXFileReference; lastKnownFileType = wrapper.framework; name = Social.framework; path = System/Library/Frameworks/Social.framework; sourceTree = SDKROOT; };
/* End PBXFileReference section */

/* Begin PBXFrameworksBuildPhase section */
		83046BAF1FC55D16006F3327 /* Frameworks */ = {
			isa = PBXFrameworksBuildPhase;
			buildActionMask = 2147483647;
			files = (
			);
			runOnlyForDeploymentPostprocessing = 0;
		};
		83046BC71FC55D16006F3327 /* Frameworks */ = {
			isa = PBXFrameworksBuildPhase;
			buildActionMask = 2147483647;
			files = (
			);
			runOnlyForDeploymentPostprocessing = 0;
		};
		83046BD21FC55D16006F3327 /* Frameworks */ = {
			isa = PBXFrameworksBuildPhase;
			buildActionMask = 2147483647;
			files = (
			);
			runOnlyForDeploymentPostprocessing = 0;
		};
/* End PBXFrameworksBuildPhase section */

/* Begin PBXGroup section */
		83046BA91FC55D16006F3327 = {
			isa = PBXGroup;
			children = (
				83046BB41FC55D16006F3327 /* TwitterShare */,
				83046BCD1FC55D16006F3327 /* TwitterShareTests */,
				83046BD81FC55D16006F3327 /* TwitterShareUITests */,
				83046BB31FC55D16006F3327 /* Products */,
				83046BE71FC573AB006F3327 /* Frameworks */,
			);
			sourceTree = "<group>";
		};
		83046BB31FC55D16006F3327 /* Products */ = {
			isa = PBXGroup;
			children = (
				83046BB21FC55D16006F3327 /* TwitterShare.app */,
				83046BCA1FC55D16006F3327 /* TwitterShareTests.xctest */,
				83046BD51FC55D16006F3327 /* TwitterShareUITests.xctest */,
			);
			name = Products;
			sourceTree = "<group>";
		};
		83046BB41FC55D16006F3327 /* TwitterShare */ = {
			isa = PBXGroup;
			children = (
				83046BB51FC55D16006F3327 /* AppDelegate.h */,
				83046BB61FC55D16006F3327 /* AppDelegate.m */,
				83046BB81FC55D16006F3327 /* ViewController.h */,
				83046BB91FC55D16006F3327 /* ViewController.m */,
				83046BBB1FC55D16006F3327 /* Main.storyboard */,
				83046BBE1FC55D16006F3327 /* Assets.xcassets */,
				83046BC01FC55D16006F3327 /* LaunchScreen.storyboard */,
				83046BC31FC55D16006F3327 /* Info.plist */,
				83046BC41FC55D16006F3327 /* main.m */,
			);
			path = TwitterShare;
			sourceTree = "<group>";
		};
		83046BCD1FC55D16006F3327 /* TwitterShareTests */ = {
			isa = PBXGroup;
			children = (
				83046BCE1FC55D16006F3327 /* TwitterShareTests.m */,
				83046BD01FC55D16006F3327 /* Info.plist */,
			);
			path = TwitterShareTests;
			sourceTree = "<group>";
		};
		83046BD81FC55D16006F3327 /* TwitterShareUITests */ = {
			isa = PBXGroup;
			children = (
				83046BD91FC55D16006F3327 /* TwitterShareUITests.m */,
				83046BDB1FC55D16006F3327 /* Info.plist */,
			);
			path = TwitterShareUITests;
			sourceTree = "<group>";
		};
		83046BE71FC573AB006F3327 /* Frameworks */ = {
			isa = PBXGroup;
			children = (
				83046BE81FC573AB006F3327 /* Social.framework */,
			);
			name = Frameworks;
			sourceTree = "<group>";
		};
/* End PBXGroup section */

/* Begin PBXNativeTarget section */
		83046BB11FC55D16006F3327 /* TwitterShare */ = {
			isa = PBXNativeTarget;
			buildConfigurationList = 83046BDE1FC55D16006F3327 /* Build configuration list for PBXNativeTarget "TwitterShare" */;
			buildPhases = (
				83046BAE1FC55D16006F3327 /* Sources */,
				83046BAF1FC55D16006F3327 /* Frameworks */,
				83046BB01FC55D16006F3327 /* Resources */,
			);
			buildRules = (
			);
			dependencies = (
			);
			name = TwitterShare;
			productName = TwitterShare;
			productReference = 83046BB21FC55D16006F3327 /* TwitterShare.app */;
			productType = "com.apple.product-type.application";
		};
		83046BC91FC55D16006F3327 /* TwitterShareTests */ = {
			isa = PBXNativeTarget;
			buildConfigurationList = 83046BE11FC55D16006F3327 /* Build configuration list for PBXNativeTarget "TwitterShareTests" */;
			buildPhases = (
				83046BC61FC55D16006F3327 /* Sources */,
				83046BC71FC55D16006F3327 /* Frameworks */,
				83046BC81FC55D16006F3327 /* Resources */,
			);
			buildRules = (
			);
			dependencies = (
				83046BCC1FC55D16006F3327 /* PBXTargetDependency */,
			);
			name = TwitterShareTests;
			productName = TwitterShareTests;
			productReference = 83046BCA1FC55D16006F3327 /* TwitterShareTests.xctest */;
			productType = "com.apple.product-type.bundle.unit-test";
		};
		83046BD41FC55D16006F3327 /* TwitterShareUITests */ = {
			isa = PBXNativeTarget;
			buildConfigurationList = 83046BE41FC55D16006F3327 /* Build configuration list for PBXNativeTarget "TwitterShareUITests" */;
			buildPhases = (
				83046BD11FC55D16006F3327 /* Sources */,
				83046BD21FC55D16006F3327 /* Frameworks */,
				83046BD31FC55D16006F3327 /* Resources */,
			);
			buildRules = (
			);
			dependencies = (
				83046BD71FC55D16006F3327 /* PBXTargetDependency */,
			);
			name = TwitterShareUITests;
			productName = TwitterShareUITests;
			productReference = 83046BD51FC55D16006F3327 /* TwitterShareUITests.xctest */;
			productType = "com.apple.product-type.bundle.ui-testing";
		};
/* End PBXNativeTarget section */

/* Begin PBXProject section */
		83046BAA1FC55D16006F3327 /* Project object */ = {
			isa = PBXProject;
			attributes = {
				LastUpgradeCheck = 0910;
				ORGANIZATIONNAME = qingliu;
				TargetAttributes = {
					83046BB11FC55D16006F3327 = {
						CreatedOnToolsVersion = 9.1;
						ProvisioningStyle = Automatic;
					};
					83046BC91FC55D16006F3327 = {
						CreatedOnToolsVersion = 9.1;
						ProvisioningStyle = Automatic;
						TestTargetID = 83046BB11FC55D16006F3327;
					};
					83046BD41FC55D16006F3327 = {
						CreatedOnToolsVersion = 9.1;
						ProvisioningStyle = Automatic;
						TestTargetID = 83046BB11FC55D16006F3327;
					};
				};
			};
			buildConfigurationList = 83046BAD1FC55D16006F3327 /* Build configuration list for PBXProject "TwitterShare" */;
			compatibilityVersion = "Xcode 8.0";
			developmentRegion = en;
			hasScannedForEncodings = 0;
			knownRegions = (
				en,
				Base,
			);
			mainGroup = 83046BA91FC55D16006F3327;
			productRefGroup = 83046BB31FC55D16006F3327 /* Products */;
			projectDirPath = "";
			projectRoot = "";
			targets = (
				83046BB11FC55D16006F3327 /* TwitterShare */,
				83046BC91FC55D16006F3327 /* TwitterShareTests */,
				83046BD41FC55D16006F3327 /* TwitterShareUITests */,
			);
		};
/* End PBXProject section */

/* Begin PBXResourcesBuildPhase section */
		83046BB01FC55D16006F3327 /* Resources */ = {
			isa = PBXResourcesBuildPhase;
			buildActionMask = 2147483647;
			files = (
				83046BC21FC55D16006F3327 /* LaunchScreen.storyboard in Resources */,
				83046BBF1FC55D16006F3327 /* Assets.xcassets in Resources */,
				83046BBD1FC55D16006F3327 /* Main.storyboard in Resources */,
			);
			runOnlyForDeploymentPostprocessing = 0;
		};
		83046BC81FC55D16006F3327 /* Resources */ = {
			isa = PBXResourcesBuildPhase;
			buildActionMask = 2147483647;
			files = (
			);
			runOnlyForDeploymentPostprocessing = 0;
		};
		83046BD31FC55D16006F3327 /* Resources */ = {
			isa = PBXResourcesBuildPhase;
			buildActionMask = 2147483647;
			files = (
			);
			runOnlyForDeploymentPostprocessing = 0;
		};
/* End PBXResourcesBuildPhase section */

/* Begin PBXSourcesBuildPhase section */
		83046BAE1FC55D16006F3327 /* Sources */ = {
			isa = PBXSourcesBuildPhase;
			buildActionMask = 2147483647;
			files = (
				83046BBA1FC55D16006F3327 /* ViewController.m in Sources */,
				83046BC51FC55D16006F3327 /* main.m in Sources */,
				83046BB71FC55D16006F3327 /* AppDelegate.m in Sources */,
			);
			runOnlyForDeploymentPostprocessing = 0;
		};
		83046BC61FC55D16006F3327 /* Sources */ = {
			isa = PBXSourcesBuildPhase;
			buildActionMask = 2147483647;
			files = (
				83046BCF1FC55D16006F3327 /* TwitterShareTests.m in Sources */,
			);
			runOnlyForDeploymentPostprocessing = 0;
		};
		83046BD11FC55D16006F3327 /* Sources */ = {
			isa = PBXSourcesBuildPhase;
			buildActionMask = 2147483647;
			files = (
				83046BDA1FC55D16006F3327 /* TwitterShareUITests.m in Sources */,
			);
			runOnlyForDeploymentPostprocessing = 0;
		};
/* End PBXSourcesBuildPhase section */

/* Begin PBXTargetDependency section */
		83046BCC1FC55D16006F3327 /* PBXTargetDependency */ = {
			isa = PBXTargetDependency;
			target = 83046BB11FC55D16006F3327 /* TwitterShare */;
			targetProxy = 83046BCB1FC55D16006F3327 /* PBXContainerItemProxy */;
		};
		83046BD71FC55D16006F3327 /* PBXTargetDependency */ = {
			isa = PBXTargetDependency;
			target = 83046BB11FC55D16006F3327 /* TwitterShare */;
			targetProxy = 83046BD61FC55D16006F3327 /* PBXContainerItemProxy */;
		};
/* End PBXTargetDependency section */

/* Begin PBXVariantGroup section */
		83046BBB1FC55D16006F3327 /* Main.storyboard */ = {
			isa = PBXVariantGroup;
			children = (
				83046BBC1FC55D16006F3327 /* Base */,
			);
			name = Main.storyboard;
			sourceTree = "<group>";
		};
		83046BC01FC55D16006F3327 /* LaunchScreen.storyboard */ = {
			isa = PBXVariantGroup;
			children = (
				83046BC11FC55D16006F3327 /* Base */,
			);
			name = LaunchScreen.storyboard;
			sourceTree = "<group>";
		};
/* End PBXVariantGroup section */

/* Begin XCBuildConfiguration section */
		83046BDC1FC55D16006F3327 /* Debug */ = {
			isa = XCBuildConfiguration;
			buildSettings = {
				ALWAYS_SEARCH_USER_PATHS = NO;
				CLANG_ANALYZER_NONNULL = YES;
				CLANG_ANALYZER_NUMBER_OBJECT_CONVERSION = YES_AGGRESSIVE;
				CLANG_CXX_LANGUAGE_STANDARD = "gnu++14";
				CLANG_CXX_LIBRARY = "libc++";
				CLANG_ENABLE_MODULES = YES;
				CLANG_ENABLE_OBJC_ARC = YES;
				CLANG_WARN_BLOCK_CAPTURE_AUTORELEASING = YES;
				CLANG_WARN_BOOL_CONVERSION = YES;
				CLANG_WARN_COMMA = YES;
				CLANG_WARN_CONSTANT_CONVERSION = YES;
				CLANG_WARN_DIRECT_OBJC_ISA_USAGE = YES_ERROR;
				CLANG_WARN_DOCUMENTATION_COMMENTS = YES;
				CLANG_WARN_EMPTY_BODY = YES;
				CLANG_WARN_ENUM_CONVERSION = YES;
				CLANG_WARN_INFINITE_RECURSION = YES;
				CLANG_WARN_INT_CONVERSION = YES;
				CLANG_WARN_NON_LITERAL_NULL_CONVERSION = YES;
				CLANG_WARN_OBJC_LITERAL_CONVERSION = YES;
				CLANG_WARN_OBJC_ROOT_CLASS = YES_ERROR;
				CLANG_WARN_RANGE_LOOP_ANALYSIS = YES;
				CLANG_WARN_STRICT_PROTOTYPES = YES;
				CLANG_WARN_SUSPICIOUS_MOVE = YES;
				CLANG_WARN_UNGUARDED_AVAILABILITY = YES_AGGRESSIVE;
				CLANG_WARN_UNREACHABLE_CODE = YES;
				CLANG_WARN__DUPLICATE_METHOD_MATCH = YES;
				CODE_SIGN_IDENTITY = "iPhone Developer";
				COPY_PHASE_STRIP = NO;
				DEBUG_INFORMATION_FORMAT = dwarf;
				ENABLE_STRICT_OBJC_MSGSEND = YES;
				ENABLE_TESTABILITY = YES;
				GCC_C_LANGUAGE_STANDARD = gnu11;
				GCC_DYNAMIC_NO_PIC = NO;
				GCC_NO_COMMON_BLOCKS = YES;
				GCC_OPTIMIZATION_LEVEL = 0;
				GCC_PREPROCESSOR_DEFINITIONS = (
					"DEBUG=1",
					"$(inherited)",
				);
				GCC_WARN_64_TO_32_BIT_CONVERSION = YES;
				GCC_WARN_ABOUT_RETURN_TYPE = YES_ERROR;
				GCC_WARN_UNDECLARED_SELECTOR = YES;
				GCC_WARN_UNINITIALIZED_AUTOS = YES_AGGRESSIVE;
				GCC_WARN_UNUSED_FUNCTION = YES;
				GCC_WARN_UNUSED_VARIABLE = YES;
				IPHONEOS_DEPLOYMENT_TARGET = 11.1;
				MTL_ENABLE_DEBUG_INFO = YES;
				ONLY_ACTIVE_ARCH = YES;
				SDKROOT = iphoneos;
			};
			name = Debug;
		};
		83046BDD1FC55D16006F3327 /* Release */ = {
			isa = XCBuildConfiguration;
			buildSettings = {
				ALWAYS_SEARCH_USER_PATHS = NO;
				CLANG_ANALYZER_NONNULL = YES;
				CLANG_ANALYZER_NUMBER_OBJECT_CONVERSION = YES_AGGRESSIVE;
				CLANG_CXX_LANGUAGE_STANDARD = "gnu++14";
				CLANG_CXX_LIBRARY = "libc++";
				CLANG_ENABLE_MODULES = YES;
				CLANG_ENABLE_OBJC_ARC = YES;
				CLANG_WARN_BLOCK_CAPTURE_AUTORELEASING = YES;
				CLANG_WARN_BOOL_CONVERSION = YES;
				CLANG_WARN_COMMA = YES;
				CLANG_WARN_CONSTANT_CONVERSION = YES;
				CLANG_WARN_DIRECT_OBJC_ISA_USAGE = YES_ERROR;
				CLANG_WARN_DOCUMENTATION_COMMENTS = YES;
				CLANG_WARN_EMPTY_BODY = YES;
				CLANG_WARN_ENUM_CONVERSION = YES;
				CLANG_WARN_INFINITE_RECURSION = YES;
				CLANG_WARN_INT_CONVERSION = YES;
				CLANG_WARN_NON_LITERAL_NULL_CONVERSION = YES;
				CLANG_WARN_OBJC_LITERAL_CONVERSION = YES;
				CLANG_WARN_OBJC_ROOT_CLASS = YES_ERROR;
				CLANG_WARN_RANGE_LOOP_ANALYSIS = YES;
				CLANG_WARN_STRICT_PROTOTYPES = YES;
				CLANG_WARN_SUSPICIOUS_MOVE = YES;
				CLANG_WARN_UNGUARDED_AVAILABILITY = YES_AGGRESSIVE;
				CLANG_WARN_UNREACHABLE_CODE = YES;
				CLANG_WARN__DUPLICATE_METHOD_MATCH = YES;
				CODE_SIGN_IDENTITY = "iPhone Developer";
				COPY_PHASE_STRIP = NO;
				DEBUG_INFORMATION_FORMAT = "dwarf-with-dsym";
				ENABLE_NS_ASSERTIONS = NO;
				ENABLE_STRICT_OBJC_MSGSEND = YES;
				GCC_C_LANGUAGE_STANDARD = gnu11;
				GCC_NO_COMMON_BLOCKS = YES;
				GCC_WARN_64_TO_32_BIT_CONVERSION = YES;
				GCC_WARN_ABOUT_RETURN_TYPE = YES_ERROR;
				GCC_WARN_UNDECLARED_SELECTOR = YES;
				GCC_WARN_UNINITIALIZED_AUTOS = YES_AGGRESSIVE;
				GCC_WARN_UNUSED_FUNCTION = YES;
				GCC_WARN_UNUSED_VARIABLE = YES;
				IPHONEOS_DEPLOYMENT_TARGET = 11.1;
				MTL_ENABLE_DEBUG_INFO = NO;
				SDKROOT = iphoneos;
				VALIDATE_PRODUCT = YES;
			};
			name = Release;
		};
		83046BDF1FC55D16006F3327 /* Debug */ = {
			isa = XCBuildConfiguration;
			buildSettings = {
				ASSETCATALOG_COMPILER_APPICON_NAME = AppIcon;
				CODE_SIGN_STYLE = Automatic;
				DEVELOPMENT_TEAM = Y4CK7LDDT8;
				INFOPLIST_FILE = TwitterShare/Info.plist;
				LD_RUNPATH_SEARCH_PATHS = "$(inherited) @executable_path/Frameworks";
				PRODUCT_BUNDLE_IDENTIFIER = com.sqlapk.TwitterShare;
				PRODUCT_NAME = "$(TARGET_NAME)";
				TARGETED_DEVICE_FAMILY = "1,2";
			};
			name = Debug;
		};
		83046BE01FC55D16006F3327 /* Release */ = {
			isa = XCBuildConfiguration;
			buildSettings = {
				ASSETCATALOG_COMPILER_APPICON_NAME = AppIcon;
				CODE_SIGN_STYLE = Automatic;
				DEVELOPMENT_TEAM = Y4CK7LDDT8;
				INFOPLIST_FILE = TwitterShare/Info.plist;
				LD_RUNPATH_SEARCH_PATHS = "$(inherited) @executable_path/Frameworks";
				PRODUCT_BUNDLE_IDENTIFIER = com.sqlapk.TwitterShare;
				PRODUCT_NAME = "$(TARGET_NAME)";
				TARGETED_DEVICE_FAMILY = "1,2";
			};
			name = Release;
		};
		83046BE21FC55D16006F3327 /* Debug */ = {
			isa = XCBuildConfiguration;
			buildSettings = {
				BUNDLE_LOADER = "$(TEST_HOST)";
				CODE_SIGN_STYLE = Automatic;
				INFOPLIST_FILE = TwitterShareTests/Info.plist;
				LD_RUNPATH_SEARCH_PATHS = "$(inherited) @executable_path/Frameworks @loader_path/Frameworks";
				PRODUCT_BUNDLE_IDENTIFIER = com.sqlapk.TwitterShareTests;
				PRODUCT_NAME = "$(TARGET_NAME)";
				TARGETED_DEVICE_FAMILY = "1,2";
				TEST_HOST = "$(BUILT_PRODUCTS_DIR)/TwitterShare.app/TwitterShare";
			};
			name = Debug;
		};
		83046BE31FC55D16006F3327 /* Release */ = {
			isa = XCBuildConfiguration;
			buildSettings = {
				BUNDLE_LOADER = "$(TEST_HOST)";
				CODE_SIGN_STYLE = Automatic;
				INFOPLIST_FILE = TwitterShareTests/Info.plist;
				LD_RUNPATH_SEARCH_PATHS = "$(inherited) @executable_path/Frameworks @loader_path/Frameworks";
				PRODUCT_BUNDLE_IDENTIFIER = com.sqlapk.TwitterShareTests;
				PRODUCT_NAME = "$(TARGET_NAME)";
				TARGETED_DEVICE_FAMILY = "1,2";
				TEST_HOST = "$(BUILT_PRODUCTS_DIR)/TwitterShare.app/TwitterShare";
			};
			name = Release;
		};
		83046BE51FC55D16006F3327 /* Debug */ = {
			isa = XCBuildConfiguration;
			buildSettings = {
				CODE_SIGN_STYLE = Automatic;
				INFOPLIST_FILE = TwitterShareUITests/Info.plist;
				LD_RUNPATH_SEARCH_PATHS = "$(inherited) @executable_path/Frameworks @loader_path/Frameworks";
				PRODUCT_BUNDLE_IDENTIFIER = com.sqlapk.TwitterShareUITests;
				PRODUCT_NAME = "$(TARGET_NAME)";
				TARGETED_DEVICE_FAMILY = "1,2";
				TEST_TARGET_NAME = TwitterShare;
			};
			name = Debug;
		};
		83046BE61FC55D16006F3327 /* Release */ = {
			isa = XCBuildConfiguration;
			buildSettings = {
				CODE_SIGN_STYLE = Automatic;
				INFOPLIST_FILE = TwitterShareUITests/Info.plist;
				LD_RUNPATH_SEARCH_PATHS = "$(inherited) @executable_path/Frameworks @loader_path/Frameworks";
				PRODUCT_BUNDLE_IDENTIFIER = com.sqlapk.TwitterShareUITests;
				PRODUCT_NAME = "$(TARGET_NAME)";
				TARGETED_DEVICE_FAMILY = "1,2";
				TEST_TARGET_NAME = TwitterShare;
			};
			name = Release;
		};
/* End XCBuildConfiguration section */

/* Begin XCConfigurationList section */
		83046BAD1FC55D16006F3327 /* Build configuration list for PBXProject "TwitterShare" */ = {
			isa = XCConfigurationList;
			buildConfigurations = (
				83046BDC1FC55D16006F3327 /* Debug */,
				83046BDD1FC55D16006F3327 /* Release */,
			);
			defaultConfigurationIsVisible = 0;
			defaultConfigurationName = Release;
		};
		83046BDE1FC55D16006F3327 /* Build configuration list for PBXNativeTarget "TwitterShare" */ = {
			isa = XCConfigurationList;
			buildConfigurations = (
				83046BDF1FC55D16006F3327 /* Debug */,
				83046BE01FC55D16006F3327 /* Release */,
			);
			defaultConfigurationIsVisible = 0;
			defaultConfigurationName = Release;
		};
		83046BE11FC55D16006F3327 /* Build configuration list for PBXNativeTarget "TwitterShareTests" */ = {
			isa = XCConfigurationList;
			buildConfigurations = (
				83046BE21FC55D16006F3327 /* Debug */,
				83046BE31FC55D16006F3327 /* Release */,
			);
			defaultConfigurationIsVisible = 0;
			defaultConfigurationName = Release;
		};
		83046BE41FC55D16006F3327 /* Build configuration list for PBXNativeTarget "TwitterShareUITests" */ = {
			isa = XCConfigurationList;
			buildConfigurations = (
				83046BE51FC55D16006F3327 /* Debug */,
				83046BE61FC55D16006F3327 /* Release */,
			);
			defaultConfigurationIsVisible = 0;
			defaultConfigurationName = Release;
		};
/* End XCConfigurationList section */
	};
	rootObject = 83046BAA1FC55D16006F3327 /* Project object */;
}
