// !$*UTF8*$!
{
	archiveVersion = 1;
	classes = {
	};
	objectVersion = 46;
	objects = {

/* Begin PBXBuildFile section */
		5D70340A5C70E198BB744142 /* libPods-HelloWorldTests.a in Frameworks */ = {isa = PBXBuildFile; fileRef = 718E88B28F447D20A60CDEF2 /* libPods-HelloWorldTests.a */; };
		832CEF6B1F7969E300A54337 /* main.m in Sources */ = {isa = PBXBuildFile; fileRef = 832CEF6A1F7969E300A54337 /* main.m */; };
		832CEF6E1F7969E300A54337 /* AppDelegate.m in Sources */ = {isa = PBXBuildFile; fileRef = 832CEF6D1F7969E300A54337 /* AppDelegate.m */; };
		832CEF711F7969E300A54337 /* ViewController.m in Sources */ = {isa = PBXBuildFile; fileRef = 832CEF701F7969E300A54337 /* ViewController.m */; };
		832CEF741F7969E300A54337 /* Main.storyboard in Resources */ = {isa = PBXBuildFile; fileRef = 832CEF721F7969E300A54337 /* Main.storyboard */; };
		832CEF761F7969E300A54337 /* Assets.xcassets in Resources */ = {isa = PBXBuildFile; fileRef = 832CEF751F7969E300A54337 /* Assets.xcassets */; };
		832CEF791F7969E300A54337 /* LaunchScreen.storyboard in Resources */ = {isa = PBXBuildFile; fileRef = 832CEF771F7969E300A54337 /* LaunchScreen.storyboard */; };
		832CEF841F7969E300A54337 /* HelloWorldTests.m in Sources */ = {isa = PBXBuildFile; fileRef = 832CEF831F7969E300A54337 /* HelloWorldTests.m */; };
		A9983370210B86FA4298A748 /* libPods-HelloWorld.a in Frameworks */ = {isa = PBXBuildFile; fileRef = 18D4A82857218B7FFD3267CC /* libPods-HelloWorld.a */; };
/* End PBXBuildFile section */

/* Begin PBXContainerItemProxy section */
		832CEF801F7969E300A54337 /* PBXContainerItemProxy */ = {
			isa = PBXContainerItemProxy;
			containerPortal = 832CEF5E1F7969E200A54337 /* Project object */;
			proxyType = 1;
			remoteGlobalIDString = 832CEF651F7969E200A54337;
			remoteInfo = HelloWorld;
		};
/* End PBXContainerItemProxy section */

/* Begin PBXFileReference section */
		18D4A82857218B7FFD3267CC /* libPods-HelloWorld.a */ = {isa = PBXFileReference; explicitFileType = archive.ar; includeInIndex = 0; path = "libPods-HelloWorld.a"; sourceTree = BUILT_PRODUCTS_DIR; };
		718E88B28F447D20A60CDEF2 /* libPods-HelloWorldTests.a */ = {isa = PBXFileReference; explicitFileType = archive.ar; includeInIndex = 0; path = "libPods-HelloWorldTests.a"; sourceTree = BUILT_PRODUCTS_DIR; };
		81177D73E5A81C66208BB53B /* Pods-HelloWorld.release.xcconfig */ = {isa = PBXFileReference; includeInIndex = 1; lastKnownFileType = text.xcconfig; name = "Pods-HelloWorld.release.xcconfig"; path = "Pods/Target Support Files/Pods-HelloWorld/Pods-HelloWorld.release.xcconfig"; sourceTree = "<group>"; };
		832CEF661F7969E300A54337 /* HelloWorld.app */ = {isa = PBXFileReference; explicitFileType = wrapper.application; includeInIndex = 0; path = HelloWorld.app; sourceTree = BUILT_PRODUCTS_DIR; };
		832CEF6A1F7969E300A54337 /* main.m */ = {isa = PBXFileReference; lastKnownFileType = sourcecode.c.objc; path = main.m; sourceTree = "<group>"; };
		832CEF6C1F7969E300A54337 /* AppDelegate.h */ = {isa = PBXFileReference; lastKnownFileType = sourcecode.c.h; path = AppDelegate.h; sourceTree = "<group>"; };
		832CEF6D1F7969E300A54337 /* AppDelegate.m */ = {isa = PBXFileReference; lastKnownFileType = sourcecode.c.objc; path = AppDelegate.m; sourceTree = "<group>"; };
		832CEF6F1F7969E300A54337 /* ViewController.h */ = {isa = PBXFileReference; lastKnownFileType = sourcecode.c.h; path = ViewController.h; sourceTree = "<group>"; };
		832CEF701F7969E300A54337 /* ViewController.m */ = {isa = PBXFileReference; lastKnownFileType = sourcecode.c.objc; path = ViewController.m; sourceTree = "<group>"; };
		832CEF731F7969E300A54337 /* Base */ = {isa = PBXFileReference; lastKnownFileType = file.storyboard; name = Base; path = Base.lproj/Main.storyboard; sourceTree = "<group>"; };
		832CEF751F7969E300A54337 /* Assets.xcassets */ = {isa = PBXFileReference; lastKnownFileType = folder.assetcatalog; path = Assets.xcassets; sourceTree = "<group>"; };
		832CEF781F7969E300A54337 /* Base */ = {isa = PBXFileReference; lastKnownFileType = file.storyboard; name = Base; path = Base.lproj/LaunchScreen.storyboard; sourceTree = "<group>"; };
		832CEF7A1F7969E300A54337 /* Info.plist */ = {isa = PBXFileReference; lastKnownFileType = text.plist.xml; path = Info.plist; sourceTree = "<group>"; };
		832CEF7F1F7969E300A54337 /* HelloWorldTests.xctest */ = {isa = PBXFileReference; explicitFileType = wrapper.cfbundle; includeInIndex = 0; path = HelloWorldTests.xctest; sourceTree = BUILT_PRODUCTS_DIR; };
		832CEF831F7969E300A54337 /* HelloWorldTests.m */ = {isa = PBXFileReference; lastKnownFileType = sourcecode.c.objc; path = HelloWorldTests.m; sourceTree = "<group>"; };
		832CEF851F7969E300A54337 /* Info.plist */ = {isa = PBXFileReference; lastKnownFileType = text.plist.xml; path = Info.plist; sourceTree = "<group>"; };
		87E8C213954616828424F293 /* Pods-HelloWorld.debug.xcconfig */ = {isa = PBXFileReference; includeInIndex = 1; lastKnownFileType = text.xcconfig; name = "Pods-HelloWorld.debug.xcconfig"; path = "Pods/Target Support Files/Pods-HelloWorld/Pods-HelloWorld.debug.xcconfig"; sourceTree = "<group>"; };
		8D3980A2FD8208894590F275 /* Pods-HelloWorldTests.release.xcconfig */ = {isa = PBXFileReference; includeInIndex = 1; lastKnownFileType = text.xcconfig; name = "Pods-HelloWorldTests.release.xcconfig"; path = "Pods/Target Support Files/Pods-HelloWorldTests/Pods-HelloWorldTests.release.xcconfig"; sourceTree = "<group>"; };
		BB8029E16A8518FFACE7D471 /* Pods-HelloWorldTests.debug.xcconfig */ = {isa = PBXFileReference; includeInIndex = 1; lastKnownFileType = text.xcconfig; name = "Pods-HelloWorldTests.debug.xcconfig"; path = "Pods/Target Support Files/Pods-HelloWorldTests/Pods-HelloWorldTests.debug.xcconfig"; sourceTree = "<group>"; };
/* End PBXFileReference section */

/* Begin PBXFrameworksBuildPhase section */
		832CEF631F7969E200A54337 /* Frameworks */ = {
			isa = PBXFrameworksBuildPhase;
			buildActionMask = 2147483647;
			files = (
				A9983370210B86FA4298A748 /* libPods-HelloWorld.a in Frameworks */,
			);
			runOnlyForDeploymentPostprocessing = 0;
		};
		832CEF7C1F7969E300A54337 /* Frameworks */ = {
			isa = PBXFrameworksBuildPhase;
			buildActionMask = 2147483647;
			files = (
				5D70340A5C70E198BB744142 /* libPods-HelloWorldTests.a in Frameworks */,
			);
			runOnlyForDeploymentPostprocessing = 0;
		};
/* End PBXFrameworksBuildPhase section */

/* Begin PBXGroup section */
		06147767D601F5258F101F09 /* Pods */ = {
			isa = PBXGroup;
			children = (
				87E8C213954616828424F293 /* Pods-HelloWorld.debug.xcconfig */,
				81177D73E5A81C66208BB53B /* Pods-HelloWorld.release.xcconfig */,
				BB8029E16A8518FFACE7D471 /* Pods-HelloWorldTests.debug.xcconfig */,
				8D3980A2FD8208894590F275 /* Pods-HelloWorldTests.release.xcconfig */,
			);
			name = Pods;
			sourceTree = "<group>";
		};
		74AF1DF71D9590D9A96F9CAA /* Frameworks */ = {
			isa = PBXGroup;
			children = (
				18D4A82857218B7FFD3267CC /* libPods-HelloWorld.a */,
				718E88B28F447D20A60CDEF2 /* libPods-HelloWorldTests.a */,
			);
			name = Frameworks;
			sourceTree = "<group>";
		};
		832CEF5D1F7969E200A54337 = {
			isa = PBXGroup;
			children = (
				832CEF681F7969E300A54337 /* HelloWorld */,
				832CEF821F7969E300A54337 /* HelloWorldTests */,
				832CEF671F7969E300A54337 /* Products */,
				06147767D601F5258F101F09 /* Pods */,
				74AF1DF71D9590D9A96F9CAA /* Frameworks */,
			);
			sourceTree = "<group>";
		};
		832CEF671F7969E300A54337 /* Products */ = {
			isa = PBXGroup;
			children = (
				832CEF661F7969E300A54337 /* HelloWorld.app */,
				832CEF7F1F7969E300A54337 /* HelloWorldTests.xctest */,
			);
			name = Products;
			sourceTree = "<group>";
		};
		832CEF681F7969E300A54337 /* HelloWorld */ = {
			isa = PBXGroup;
			children = (
				832CEF6C1F7969E300A54337 /* AppDelegate.h */,
				832CEF6D1F7969E300A54337 /* AppDelegate.m */,
				832CEF6F1F7969E300A54337 /* ViewController.h */,
				832CEF701F7969E300A54337 /* ViewController.m */,
				832CEF721F7969E300A54337 /* Main.storyboard */,
				832CEF751F7969E300A54337 /* Assets.xcassets */,
				832CEF771F7969E300A54337 /* LaunchScreen.storyboard */,
				832CEF7A1F7969E300A54337 /* Info.plist */,
				832CEF691F7969E300A54337 /* Supporting Files */,
			);
			path = HelloWorld;
			sourceTree = "<group>";
		};
		832CEF691F7969E300A54337 /* Supporting Files */ = {
			isa = PBXGroup;
			children = (
				832CEF6A1F7969E300A54337 /* main.m */,
			);
			name = "Supporting Files";
			sourceTree = "<group>";
		};
		832CEF821F7969E300A54337 /* HelloWorldTests */ = {
			isa = PBXGroup;
			children = (
				832CEF831F7969E300A54337 /* HelloWorldTests.m */,
				832CEF851F7969E300A54337 /* Info.plist */,
			);
			path = HelloWorldTests;
			sourceTree = "<group>";
		};
/* End PBXGroup section */

/* Begin PBXNativeTarget section */
		832CEF651F7969E200A54337 /* HelloWorld */ = {
			isa = PBXNativeTarget;
			buildConfigurationList = 832CEF881F7969E300A54337 /* Build configuration list for PBXNativeTarget "HelloWorld" */;
			buildPhases = (
				9B24292C4A0905795A6E65F3 /* [CP] Check Pods Manifest.lock */,
				832CEF621F7969E200A54337 /* Sources */,
				832CEF631F7969E200A54337 /* Frameworks */,
				832CEF641F7969E200A54337 /* Resources */,
				E7DCC6F1C75B8E955CA3C805 /* [CP] Embed Pods Frameworks */,
				EEB3A2E3B17084F9E21A2950 /* [CP] Copy Pods Resources */,
			);
			buildRules = (
			);
			dependencies = (
			);
			name = HelloWorld;
			productName = HelloWorld;
			productReference = 832CEF661F7969E300A54337 /* HelloWorld.app */;
			productType = "com.apple.product-type.application";
		};
		832CEF7E1F7969E300A54337 /* HelloWorldTests */ = {
			isa = PBXNativeTarget;
			buildConfigurationList = 832CEF8B1F7969E300A54337 /* Build configuration list for PBXNativeTarget "HelloWorldTests" */;
			buildPhases = (
				095D027F1A240FE5F9C146EC /* [CP] Check Pods Manifest.lock */,
				832CEF7B1F7969E300A54337 /* Sources */,
				832CEF7C1F7969E300A54337 /* Frameworks */,
				832CEF7D1F7969E300A54337 /* Resources */,
				0D1B955EF3C8E858F9444E4D /* [CP] Embed Pods Frameworks */,
				C1014DC65CC83DFFE7580970 /* [CP] Copy Pods Resources */,
			);
			buildRules = (
			);
			dependencies = (
				832CEF811F7969E300A54337 /* PBXTargetDependency */,
			);
			name = HelloWorldTests;
			productName = HelloWorldTests;
			productReference = 832CEF7F1F7969E300A54337 /* HelloWorldTests.xctest */;
			productType = "com.apple.product-type.bundle.unit-test";
		};
/* End PBXNativeTarget section */

/* Begin PBXProject section */
		832CEF5E1F7969E200A54337 /* Project object */ = {
			isa = PBXProject;
			attributes = {
				LastUpgradeCheck = 0830;
				ORGANIZATIONNAME = qingliu;
				TargetAttributes = {
					832CEF651F7969E200A54337 = {
						CreatedOnToolsVersion = 8.3.3;
						ProvisioningStyle = Automatic;
					};
					832CEF7E1F7969E300A54337 = {
						CreatedOnToolsVersion = 8.3.3;
						ProvisioningStyle = Automatic;
						TestTargetID = 832CEF651F7969E200A54337;
					};
				};
			};
			buildConfigurationList = 832CEF611F7969E200A54337 /* Build configuration list for PBXProject "HelloWorld" */;
			compatibilityVersion = "Xcode 3.2";
			developmentRegion = English;
			hasScannedForEncodings = 0;
			knownRegions = (
				en,
				Base,
			);
			mainGroup = 832CEF5D1F7969E200A54337;
			productRefGroup = 832CEF671F7969E300A54337 /* Products */;
			projectDirPath = "";
			projectRoot = "";
			targets = (
				832CEF651F7969E200A54337 /* HelloWorld */,
				832CEF7E1F7969E300A54337 /* HelloWorldTests */,
			);
		};
/* End PBXProject section */

/* Begin PBXResourcesBuildPhase section */
		832CEF641F7969E200A54337 /* Resources */ = {
			isa = PBXResourcesBuildPhase;
			buildActionMask = 2147483647;
			files = (
				832CEF791F7969E300A54337 /* LaunchScreen.storyboard in Resources */,
				832CEF761F7969E300A54337 /* Assets.xcassets in Resources */,
				832CEF741F7969E300A54337 /* Main.storyboard in Resources */,
			);
			runOnlyForDeploymentPostprocessing = 0;
		};
		832CEF7D1F7969E300A54337 /* Resources */ = {
			isa = PBXResourcesBuildPhase;
			buildActionMask = 2147483647;
			files = (
			);
			runOnlyForDeploymentPostprocessing = 0;
		};
/* End PBXResourcesBuildPhase section */

/* Begin PBXShellScriptBuildPhase section */
		095D027F1A240FE5F9C146EC /* [CP] Check Pods Manifest.lock */ = {
			isa = PBXShellScriptBuildPhase;
			buildActionMask = 2147483647;
			files = (
			);
			inputPaths = (
				"${PODS_PODFILE_DIR_PATH}/Podfile.lock",
				"${PODS_ROOT}/Manifest.lock",
			);
			name = "[CP] Check Pods Manifest.lock";
			outputPaths = (
				"$(DERIVED_FILE_DIR)/Pods-HelloWorldTests-checkManifestLockResult.txt",
			);
			runOnlyForDeploymentPostprocessing = 0;
			shellPath = /bin/sh;
			shellScript = "diff \"${PODS_PODFILE_DIR_PATH}/Podfile.lock\" \"${PODS_ROOT}/Manifest.lock\" > /dev/null\nif [ $? != 0 ] ; then\n    # print error to STDERR\n    echo \"error: The sandbox is not in sync with the Podfile.lock. Run 'pod install' or update your CocoaPods installation.\" >&2\n    exit 1\nfi\n# This output is used by Xcode 'outputs' to avoid re-running this script phase.\necho \"SUCCESS\" > \"${SCRIPT_OUTPUT_FILE_0}\"\n";
			showEnvVarsInLog = 0;
		};
		0D1B955EF3C8E858F9444E4D /* [CP] Embed Pods Frameworks */ = {
			isa = PBXShellScriptBuildPhase;
			buildActionMask = 2147483647;
			files = (
			);
			inputPaths = (
			);
			name = "[CP] Embed Pods Frameworks";
			outputPaths = (
			);
			runOnlyForDeploymentPostprocessing = 0;
			shellPath = /bin/sh;
			shellScript = "\"${SRCROOT}/Pods/Target Support Files/Pods-HelloWorldTests/Pods-HelloWorldTests-frameworks.sh\"\n";
			showEnvVarsInLog = 0;
		};
		9B24292C4A0905795A6E65F3 /* [CP] Check Pods Manifest.lock */ = {
			isa = PBXShellScriptBuildPhase;
			buildActionMask = 2147483647;
			files = (
			);
			inputPaths = (
				"${PODS_PODFILE_DIR_PATH}/Podfile.lock",
				"${PODS_ROOT}/Manifest.lock",
			);
			name = "[CP] Check Pods Manifest.lock";
			outputPaths = (
				"$(DERIVED_FILE_DIR)/Pods-HelloWorld-checkManifestLockResult.txt",
			);
			runOnlyForDeploymentPostprocessing = 0;
			shellPath = /bin/sh;
			shellScript = "diff \"${PODS_PODFILE_DIR_PATH}/Podfile.lock\" \"${PODS_ROOT}/Manifest.lock\" > /dev/null\nif [ $? != 0 ] ; then\n    # print error to STDERR\n    echo \"error: The sandbox is not in sync with the Podfile.lock. Run 'pod install' or update your CocoaPods installation.\" >&2\n    exit 1\nfi\n# This output is used by Xcode 'outputs' to avoid re-running this script phase.\necho \"SUCCESS\" > \"${SCRIPT_OUTPUT_FILE_0}\"\n";
			showEnvVarsInLog = 0;
		};
		C1014DC65CC83DFFE7580970 /* [CP] Copy Pods Resources */ = {
			isa = PBXShellScriptBuildPhase;
			buildActionMask = 2147483647;
			files = (
			);
			inputPaths = (
			);
			name = "[CP] Copy Pods Resources";
			outputPaths = (
			);
			runOnlyForDeploymentPostprocessing = 0;
			shellPath = /bin/sh;
			shellScript = "\"${SRCROOT}/Pods/Target Support Files/Pods-HelloWorldTests/Pods-HelloWorldTests-resources.sh\"\n";
			showEnvVarsInLog = 0;
		};
		E7DCC6F1C75B8E955CA3C805 /* [CP] Embed Pods Frameworks */ = {
			isa = PBXShellScriptBuildPhase;
			buildActionMask = 2147483647;
			files = (
			);
			inputPaths = (
			);
			name = "[CP] Embed Pods Frameworks";
			outputPaths = (
			);
			runOnlyForDeploymentPostprocessing = 0;
			shellPath = /bin/sh;
			shellScript = "\"${SRCROOT}/Pods/Target Support Files/Pods-HelloWorld/Pods-HelloWorld-frameworks.sh\"\n";
			showEnvVarsInLog = 0;
		};
		EEB3A2E3B17084F9E21A2950 /* [CP] Copy Pods Resources */ = {
			isa = PBXShellScriptBuildPhase;
			buildActionMask = 2147483647;
			files = (
			);
			inputPaths = (
			);
			name = "[CP] Copy Pods Resources";
			outputPaths = (
			);
			runOnlyForDeploymentPostprocessing = 0;
			shellPath = /bin/sh;
			shellScript = "\"${SRCROOT}/Pods/Target Support Files/Pods-HelloWorld/Pods-HelloWorld-resources.sh\"\n";
			showEnvVarsInLog = 0;
		};
/* End PBXShellScriptBuildPhase section */

/* Begin PBXSourcesBuildPhase section */
		832CEF621F7969E200A54337 /* Sources */ = {
			isa = PBXSourcesBuildPhase;
			buildActionMask = 2147483647;
			files = (
				832CEF711F7969E300A54337 /* ViewController.m in Sources */,
				832CEF6E1F7969E300A54337 /* AppDelegate.m in Sources */,
				832CEF6B1F7969E300A54337 /* main.m in Sources */,
			);
			runOnlyForDeploymentPostprocessing = 0;
		};
		832CEF7B1F7969E300A54337 /* Sources */ = {
			isa = PBXSourcesBuildPhase;
			buildActionMask = 2147483647;
			files = (
				832CEF841F7969E300A54337 /* HelloWorldTests.m in Sources */,
			);
			runOnlyForDeploymentPostprocessing = 0;
		};
/* End PBXSourcesBuildPhase section */

/* Begin PBXTargetDependency section */
		832CEF811F7969E300A54337 /* PBXTargetDependency */ = {
			isa = PBXTargetDependency;
			target = 832CEF651F7969E200A54337 /* HelloWorld */;
			targetProxy = 832CEF801F7969E300A54337 /* PBXContainerItemProxy */;
		};
/* End PBXTargetDependency section */

/* Begin PBXVariantGroup section */
		832CEF721F7969E300A54337 /* Main.storyboard */ = {
			isa = PBXVariantGroup;
			children = (
				832CEF731F7969E300A54337 /* Base */,
			);
			name = Main.storyboard;
			sourceTree = "<group>";
		};
		832CEF771F7969E300A54337 /* LaunchScreen.storyboard */ = {
			isa = PBXVariantGroup;
			children = (
				832CEF781F7969E300A54337 /* Base */,
			);
			name = LaunchScreen.storyboard;
			sourceTree = "<group>";
		};
/* End PBXVariantGroup section */

/* Begin XCBuildConfiguration section */
		832CEF861F7969E300A54337 /* Debug */ = {
			isa = XCBuildConfiguration;
			buildSettings = {
				ALWAYS_SEARCH_USER_PATHS = NO;
				CLANG_ANALYZER_NONNULL = YES;
				CLANG_ANALYZER_NUMBER_OBJECT_CONVERSION = YES_AGGRESSIVE;
				CLANG_CXX_LANGUAGE_STANDARD = "gnu++0x";
				CLANG_CXX_LIBRARY = "libc++";
				CLANG_ENABLE_MODULES = YES;
				CLANG_ENABLE_OBJC_ARC = YES;
				CLANG_WARN_BOOL_CONVERSION = YES;
				CLANG_WARN_CONSTANT_CONVERSION = YES;
				CLANG_WARN_DIRECT_OBJC_ISA_USAGE = YES_ERROR;
				CLANG_WARN_DOCUMENTATION_COMMENTS = YES;
				CLANG_WARN_EMPTY_BODY = YES;
				CLANG_WARN_ENUM_CONVERSION = YES;
				CLANG_WARN_INFINITE_RECURSION = YES;
				CLANG_WARN_INT_CONVERSION = YES;
				CLANG_WARN_OBJC_ROOT_CLASS = YES_ERROR;
				CLANG_WARN_SUSPICIOUS_MOVE = YES;
				CLANG_WARN_UNREACHABLE_CODE = YES;
				CLANG_WARN__DUPLICATE_METHOD_MATCH = YES;
				"CODE_SIGN_IDENTITY[sdk=iphoneos*]" = "iPhone Developer";
				COPY_PHASE_STRIP = NO;
				DEBUG_INFORMATION_FORMAT = dwarf;
				ENABLE_STRICT_OBJC_MSGSEND = YES;
				ENABLE_TESTABILITY = YES;
				GCC_C_LANGUAGE_STANDARD = gnu99;
				GCC_DYNAMIC_NO_PIC = NO;
				GCC_NO_COMMON_BLOCKS = YES;
				GCC_OPTIMIZATION_LEVEL = 0;
				GCC_PREPROCESSOR_DEFINITIONS = (
					"DEBUG=1",
					"$(inherited)",
				);
				GCC_WARN_64_TO_32_BIT_CONVERSION = YES;
				GCC_WARN_ABOUT_RETURN_TYPE = YES_ERROR;
				GCC_WARN_UNDECLARED_SELECTOR = YES;
				GCC_WARN_UNINITIALIZED_AUTOS = YES_AGGRESSIVE;
				GCC_WARN_UNUSED_FUNCTION = YES;
				GCC_WARN_UNUSED_VARIABLE = YES;
				IPHONEOS_DEPLOYMENT_TARGET = 10.3;
				MTL_ENABLE_DEBUG_INFO = YES;
				ONLY_ACTIVE_ARCH = YES;
				SDKROOT = iphoneos;
				TARGETED_DEVICE_FAMILY = "1,2";
			};
			name = Debug;
		};
		832CEF871F7969E300A54337 /* Release */ = {
			isa = XCBuildConfiguration;
			buildSettings = {
				ALWAYS_SEARCH_USER_PATHS = NO;
				CLANG_ANALYZER_NONNULL = YES;
				CLANG_ANALYZER_NUMBER_OBJECT_CONVERSION = YES_AGGRESSIVE;
				CLANG_CXX_LANGUAGE_STANDARD = "gnu++0x";
				CLANG_CXX_LIBRARY = "libc++";
				CLANG_ENABLE_MODULES = YES;
				CLANG_ENABLE_OBJC_ARC = YES;
				CLANG_WARN_BOOL_CONVERSION = YES;
				CLANG_WARN_CONSTANT_CONVERSION = YES;
				CLANG_WARN_DIRECT_OBJC_ISA_USAGE = YES_ERROR;
				CLANG_WARN_DOCUMENTATION_COMMENTS = YES;
				CLANG_WARN_EMPTY_BODY = YES;
				CLANG_WARN_ENUM_CONVERSION = YES;
				CLANG_WARN_INFINITE_RECURSION = YES;
				CLANG_WARN_INT_CONVERSION = YES;
				CLANG_WARN_OBJC_ROOT_CLASS = YES_ERROR;
				CLANG_WARN_SUSPICIOUS_MOVE = YES;
				CLANG_WARN_UNREACHABLE_CODE = YES;
				CLANG_WARN__DUPLICATE_METHOD_MATCH = YES;
				"CODE_SIGN_IDENTITY[sdk=iphoneos*]" = "iPhone Developer";
				COPY_PHASE_STRIP = NO;
				DEBUG_INFORMATION_FORMAT = "dwarf-with-dsym";
				ENABLE_NS_ASSERTIONS = NO;
				ENABLE_STRICT_OBJC_MSGSEND = YES;
				GCC_C_LANGUAGE_STANDARD = gnu99;
				GCC_NO_COMMON_BLOCKS = YES;
				GCC_WARN_64_TO_32_BIT_CONVERSION = YES;
				GCC_WARN_ABOUT_RETURN_TYPE = YES_ERROR;
				GCC_WARN_UNDECLARED_SELECTOR = YES;
				GCC_WARN_UNINITIALIZED_AUTOS = YES_AGGRESSIVE;
				GCC_WARN_UNUSED_FUNCTION = YES;
				GCC_WARN_UNUSED_VARIABLE = YES;
				IPHONEOS_DEPLOYMENT_TARGET = 10.3;
				MTL_ENABLE_DEBUG_INFO = NO;
				SDKROOT = iphoneos;
				TARGETED_DEVICE_FAMILY = "1,2";
				VALIDATE_PRODUCT = YES;
			};
			name = Release;
		};
		832CEF891F7969E300A54337 /* Debug */ = {
			isa = XCBuildConfiguration;
			baseConfigurationReference = 87E8C213954616828424F293 /* Pods-HelloWorld.debug.xcconfig */;
			buildSettings = {
				ASSETCATALOG_COMPILER_APPICON_NAME = AppIcon;
				INFOPLIST_FILE = HelloWorld/Info.plist;
				LD_RUNPATH_SEARCH_PATHS = "$(inherited) @executable_path/Frameworks";
				PRODUCT_BUNDLE_IDENTIFIER = com.sqlapk.HelloWorld;
				PRODUCT_NAME = "$(TARGET_NAME)";
			};
			name = Debug;
		};
		832CEF8A1F7969E300A54337 /* Release */ = {
			isa = XCBuildConfiguration;
			baseConfigurationReference = 81177D73E5A81C66208BB53B /* Pods-HelloWorld.release.xcconfig */;
			buildSettings = {
				ASSETCATALOG_COMPILER_APPICON_NAME = AppIcon;
				INFOPLIST_FILE = HelloWorld/Info.plist;
				LD_RUNPATH_SEARCH_PATHS = "$(inherited) @executable_path/Frameworks";
				PRODUCT_BUNDLE_IDENTIFIER = com.sqlapk.HelloWorld;
				PRODUCT_NAME = "$(TARGET_NAME)";
			};
			name = Release;
		};
		832CEF8C1F7969E300A54337 /* Debug */ = {
			isa = XCBuildConfiguration;
			baseConfigurationReference = BB8029E16A8518FFACE7D471 /* Pods-HelloWorldTests.debug.xcconfig */;
			buildSettings = {
				BUNDLE_LOADER = "$(TEST_HOST)";
				INFOPLIST_FILE = HelloWorldTests/Info.plist;
				LD_RUNPATH_SEARCH_PATHS = "$(inherited) @executable_path/Frameworks @loader_path/Frameworks";
				PRODUCT_BUNDLE_IDENTIFIER = com.sqlapk.HelloWorldTests;
				PRODUCT_NAME = "$(TARGET_NAME)";
				TEST_HOST = "$(BUILT_PRODUCTS_DIR)/HelloWorld.app/HelloWorld";
			};
			name = Debug;
		};
		832CEF8D1F7969E300A54337 /* Release */ = {
			isa = XCBuildConfiguration;
			baseConfigurationReference = 8D3980A2FD8208894590F275 /* Pods-HelloWorldTests.release.xcconfig */;
			buildSettings = {
				BUNDLE_LOADER = "$(TEST_HOST)";
				INFOPLIST_FILE = HelloWorldTests/Info.plist;
				LD_RUNPATH_SEARCH_PATHS = "$(inherited) @executable_path/Frameworks @loader_path/Frameworks";
				PRODUCT_BUNDLE_IDENTIFIER = com.sqlapk.HelloWorldTests;
				PRODUCT_NAME = "$(TARGET_NAME)";
				TEST_HOST = "$(BUILT_PRODUCTS_DIR)/HelloWorld.app/HelloWorld";
			};
			name = Release;
		};
/* End XCBuildConfiguration section */

/* Begin XCConfigurationList section */
		832CEF611F7969E200A54337 /* Build configuration list for PBXProject "HelloWorld" */ = {
			isa = XCConfigurationList;
			buildConfigurations = (
				832CEF861F7969E300A54337 /* Debug */,
				832CEF871F7969E300A54337 /* Release */,
			);
			defaultConfigurationIsVisible = 0;
			defaultConfigurationName = Release;
		};
		832CEF881F7969E300A54337 /* Build configuration list for PBXNativeTarget "HelloWorld" */ = {
			isa = XCConfigurationList;
			buildConfigurations = (
				832CEF891F7969E300A54337 /* Debug */,
				832CEF8A1F7969E300A54337 /* Release */,
			);
			defaultConfigurationIsVisible = 0;
		};
		832CEF8B1F7969E300A54337 /* Build configuration list for PBXNativeTarget "HelloWorldTests" */ = {
			isa = XCConfigurationList;
			buildConfigurations = (
				832CEF8C1F7969E300A54337 /* Debug */,
				832CEF8D1F7969E300A54337 /* Release */,
			);
			defaultConfigurationIsVisible = 0;
		};
/* End XCConfigurationList section */
	};
	rootObject = 832CEF5E1F7969E200A54337 /* Project object */;
}
